{
  "nodes": {
    "disko": {
      "inputs": {
        "nixpkgs": [
          "nixpkgs"
        ]
      },
      "locked": {
        "lastModified": 1779942106,
        "narHash": "sha256-81sATQ+hMCcsqFCN5UyhCoXXf62yQfKtzKzuiFXtdxA=",
        "owner": "nix-community",
        "repo": "disko",
        "rev": "36c1d04e85fc70f7b94f7434b1ea0a1a13bda4cd",
        "type": "github"
      },
      "original": {
        "owner": "nix-community",
        "repo": "disko",
        "type": "github"
      }
    },
    "nixpkgs": {
      "locked": {
        "lastModified": 1779950181,
        "narHash": "sha256-Pl2CTf1KcCS4ORqKNSFHQL0xDEi2+AnXph4IADpWCRs=",
        "owner": "NixOS",
        "repo": "nixpkgs",
        "rev": "8d2b13b41ca22900640adde51ae8426826673ecd",
        "type": "github"
      },
      "original": {
        "owner": "NixOS",
        "ref": "nixos-26.05-small",
        "repo": "nixpkgs",
        "type": "github"
      }
    },
    "root": {
      "inputs": {
        "disko": "disko",
        "nixpkgs": "nixpkgs"
      }
    }
  },
  "root": "root",
  "version": 7
}
